
Microsoft Visual Studio Solution File, Format Version 12.00
# Visual Studio Version 16
VisualStudioVersion = 16.0.31424.327
MinimumVisualStudioVersion = 10.0.40219.1
Project("{FAE04EC0-301F-11D3-BF4B-00C04F79EFBC}") = "Module13Task1", "Module13Tasks1-2\Module13Task1.csproj", "{E0013382-6F48-4162-9850-9DDB1A14C904}"
EndProject
Project("{FAE04EC0-301F-11D3-BF4B-00C04F79EFBC}") = "Module13Task2", "Module13Task2\Module13Task2.csproj", "{A29AD810-FEF9-4013-A636-766E7125495C}"
EndProject
Global
	GlobalSection(SolutionConfigurationPlatforms) = preSolution
		Debug|Any CPU = Debug|Any CPU
		Release|Any CPU = Release|Any CPU
	EndGlobalSection
	GlobalSection(ProjectConfigurationPlatforms) = postSolution
		{E0013382-6F48-4162-9850-9DDB1A14C904}.Debug|Any CPU.ActiveCfg = Debug|Any CPU
		{E0013382-6F48-4162-9850-9DDB1A14C904}.Debug|Any CPU.Build.0 = Debug|Any CPU
		{E0013382-6F48-4162-9850-9DDB1A14C904}.Release|Any CPU.ActiveCfg = Release|Any CPU
		{E0013382-6F48-4162-9850-9DDB1A14C904}.Release|Any CPU.Build.0 = Release|Any CPU
		{A29AD810-FEF9-4013-A636-766E7125495C}.Debug|Any CPU.ActiveCfg = Debug|Any CPU
		{A29AD810-FEF9-4013-A636-766E7125495C}.Debug|Any CPU.Build.0 = Debug|Any CPU
		{A29AD810-FEF9-4013-A636-766E7125495C}.Release|Any CPU.ActiveCfg = Release|Any CPU
		{A29AD810-FEF9-4013-A636-766E7125495C}.Release|Any CPU.Build.0 = Release|Any CPU
	EndGlobalSection
	GlobalSection(SolutionProperties) = preSolution
		HideSolutionNode = FALSE
	EndGlobalSection
	GlobalSection(ExtensibilityGlobals) = postSolution
		SolutionGuid = {F5DA3F09-FE30-41A9-B437-5AAE4EA4A23F}
	EndGlobalSection
EndGlobal
